{
  "# Continue to the next step on failure\ncontinue-on-error: true": [
    {
      "file": ".github/workflows/current.yml",
      "lines": [
        91,
        105
      ]
    },
    {
      "file": ".github/workflows/dep-heads.yml",
      "lines": [
        93,
        107
      ]
    },
    {
      "file": ".github/workflows/heads.yml",
      "lines": [
        92,
        106
      ]
    },
    {
      "file": ".github/workflows/truffle.yml",
      "lines": [
        75,
        89
      ]
    }
  ],
  "appraisal: \"current\"\nexec_cmd: \"rake test\"": [
    {
      "file": ".github/workflows/current.yml",
      "lines": [
        42,
        50,
        58
      ]
    }
  ],
  "appraisal: \"dep-heads\"\nexec_cmd: \"rake test\"": [
    {
      "file": ".github/workflows/dep-heads.yml",
      "lines": [
        44,
        52,
        60
      ]
    }
  ],
  "appraisal: \"head\"\nexec_cmd: \"rake test\"": [
    {
      "file": ".github/workflows/heads.yml",
      "lines": [
        43,
        51,
        59
      ]
    }
  ],
  "exec_cmd: \"rake test\"\ngemfile: \"Appraisal.root\"": [
    {
      "file": ".github/workflows/current.yml",
      "lines": [
        43,
        51,
        59
      ]
    },
    {
      "file": ".github/workflows/dep-heads.yml",
      "lines": [
        45,
        53,
        61
      ]
    },
    {
      "file": ".github/workflows/heads.yml",
      "lines": [
        44,
        52,
        60
      ]
    }
  ],
  "if: ${{ (env.ACT && !(startsWith(matrix.ruby, 'jruby')) || startsWith(matrix.ruby, 'truffleruby')) || (!env.ACT && (startsWith(matrix.ruby, 'jruby')) || startsWith(matrix.ruby, 'truffleruby')) }}\nrun: bundle": [
    {
      "file": ".github/workflows/current.yml",
      "lines": [
        84,
        89
      ]
    },
    {
      "file": ".github/workflows/dep-heads.yml",
      "lines": [
        86,
        91
      ]
    },
    {
      "file": ".github/workflows/heads.yml",
      "lines": [
        85,
        90
      ]
    },
    {
      "file": ".github/workflows/truffle.yml",
      "lines": [
        68,
        73
      ]
    }
  ]
}
