{
  "#       strategy: merge\n#       file_type: ruby": [
    {
      "file": ".structuredmerge/kettle-jem.yml",
      "lines": [
        475,
        646
      ]
    }
  ],
  "#     commit-msg:\n#       strategy: merge": [
    {
      "file": ".structuredmerge/kettle-jem.yml",
      "lines": [
        474,
        645
      ]
    }
  ],
  "#     pboling.pem:\n#       strategy: raw_copy": [
    {
      "file": ".structuredmerge/kettle-jem.yml",
      "lines": [
        470,
        641
      ]
    }
  ],
  "#   - \"note:*\"\n#   - \"setup*\"": [
    {
      "file": ".structuredmerge/kettle-jem.yml",
      "lines": [
        219,
        260
      ]
    }
  ],
  "#   - basic usage\n#   - usage": [
    {
      "file": ".structuredmerge/kettle-jem.yml",
      "lines": [
        211,
        252
      ]
    }
  ],
  "#   - usage\n#   - summary": [
    {
      "file": ".structuredmerge/kettle-jem.yml",
      "lines": [
        212,
        253
      ]
    }
  ],
  "#   .git-hooks:\n#     commit-msg:": [
    {
      "file": ".structuredmerge/kettle-jem.yml",
      "lines": [
        473,
        644
      ]
    }
  ],
  "#   README.md:\n#     strategy: accept_template": [
    {
      "file": ".structuredmerge/kettle-jem.yml",
      "lines": [
        463,
        634
      ]
    }
  ],
  "#   SECURITY.md:\n#     strategy: keep_destination": [
    {
      "file": ".structuredmerge/kettle-jem.yml",
      "lines": [
        466,
        637
      ]
    }
  ],
  "#   certs:\n#     pboling.pem:": [
    {
      "file": ".structuredmerge/kettle-jem.yml",
      "lines": [
        469,
        640
      ]
    }
  ],
  "#   howto: basic usage\n#   options: configuration": [
    {
      "file": ".structuredmerge/kettle-jem.yml",
      "lines": [
        226,
        267
      ]
    }
  ],
  "#   summary → synopsis, usage → basic usage,\n#   configuration options → configuration, setup → basic usage": [
    {
      "file": ".structuredmerge/kettle-jem.yml",
      "lines": [
        205,
        246
      ]
    }
  ],
  "# Built-in aliases (destination → template):\n#   summary → synopsis, usage → basic usage,": [
    {
      "file": ".structuredmerge/kettle-jem.yml",
      "lines": [
        204,
        245
      ]
    }
  ],
  "# Custom section aliases (destination heading → canonical template heading).\n# Merged with built-in aliases above.": [
    {
      "file": ".structuredmerge/kettle-jem.yml",
      "lines": [
        222,
        263
      ]
    }
  ],
  "# Glob patterns for additional sections to preserve (e.g. Note:* headings).\n# Default when absent: [\"note:*\"]": [
    {
      "file": ".structuredmerge/kettle-jem.yml",
      "lines": [
        215,
        256
      ]
    }
  ],
  "# Sections to preserve from the destination README during template merging.\n# These section headings (case-insensitive) will keep the destination body": [
    {
      "file": ".structuredmerge/kettle-jem.yml",
      "lines": [
        197,
        238
      ]
    }
  ],
  "# These section headings (case-insensitive) will keep the destination body\n# instead of being overwritten by the template. Default when absent:": [
    {
      "file": ".structuredmerge/kettle-jem.yml",
      "lines": [
        198,
        239
      ]
    }
  ],
  "# files:\n#   README.md:": [
    {
      "file": ".structuredmerge/kettle-jem.yml",
      "lines": [
        462,
        633
      ]
    }
  ],
  "# instead of being overwritten by the template. Default when absent:\n#   - synopsis": [
    {
      "file": ".structuredmerge/kettle-jem.yml",
      "lines": [
        199,
        240
      ]
    }
  ],
  "# preserve_patterns:\n#   - \"note:*\"": [
    {
      "file": ".structuredmerge/kettle-jem.yml",
      "lines": [
        218,
        259
      ]
    }
  ],
  "# preserve_sections:\n#   - synopsis": [
    {
      "file": ".structuredmerge/kettle-jem.yml",
      "lines": [
        208,
        249
      ]
    }
  ],
  "# section_aliases:\n#   howto: basic usage": [
    {
      "file": ".structuredmerge/kettle-jem.yml",
      "lines": [
        225,
        266
      ]
    }
  ],
  "appraisal: \"dep-heads\"\nexec_cmd: \"kettle-test\"": [
    {
      "file": ".github/workflows/dep-heads.yml",
      "lines": [
        44,
        51,
        58
      ]
    }
  ],
  "appraisal: \"head\"\nexec_cmd: \"kettle-test\"": [
    {
      "file": ".github/workflows/heads.yml",
      "lines": [
        43,
        50,
        57
      ]
    }
  ],
  "exec_cmd: \"kettle-test\"\nrubygems: default": [
    {
      "file": ".github/workflows/dep-heads.yml",
      "lines": [
        52,
        59
      ]
    },
    {
      "file": ".github/workflows/heads.yml",
      "lines": [
        44,
        51,
        58
      ]
    }
  ]
}
