{
  "#   - \"note:*\"\n#   - \"setup*\"": [
    {
      "file": ".structuredmerge/kettle-jem.yml",
      "lines": [
        231,
        272
      ]
    }
  ],
  "#   - basic usage\n#   - usage": [
    {
      "file": ".structuredmerge/kettle-jem.yml",
      "lines": [
        223,
        264
      ]
    }
  ],
  "#   - usage\n#   - summary": [
    {
      "file": ".structuredmerge/kettle-jem.yml",
      "lines": [
        224,
        265
      ]
    }
  ],
  "#   howto: basic usage\n#   options: configuration": [
    {
      "file": ".structuredmerge/kettle-jem.yml",
      "lines": [
        238,
        279
      ]
    }
  ],
  "#   summary → synopsis, usage → basic usage,\n#   configuration options → configuration, setup → basic usage": [
    {
      "file": ".structuredmerge/kettle-jem.yml",
      "lines": [
        217,
        258
      ]
    }
  ],
  "# Built-in aliases (destination → template):\n#   summary → synopsis, usage → basic usage,": [
    {
      "file": ".structuredmerge/kettle-jem.yml",
      "lines": [
        216,
        257
      ]
    }
  ],
  "# Custom section aliases (destination heading → canonical template heading).\n# Merged with built-in aliases above.": [
    {
      "file": ".structuredmerge/kettle-jem.yml",
      "lines": [
        234,
        275
      ]
    }
  ],
  "# Glob patterns for additional sections to preserve (e.g. Note:* headings).\n# Default when absent: [\"note:*\"]": [
    {
      "file": ".structuredmerge/kettle-jem.yml",
      "lines": [
        227,
        268
      ]
    }
  ],
  "# Sections to preserve from the destination README during template merging.\n# These section headings (case-insensitive) will keep the destination body": [
    {
      "file": ".structuredmerge/kettle-jem.yml",
      "lines": [
        209,
        250
      ]
    }
  ],
  "# These section headings (case-insensitive) will keep the destination body\n# instead of being overwritten by the template. Default when absent:": [
    {
      "file": ".structuredmerge/kettle-jem.yml",
      "lines": [
        210,
        251
      ]
    }
  ],
  "# instead of being overwritten by the template. Default when absent:\n#   - synopsis": [
    {
      "file": ".structuredmerge/kettle-jem.yml",
      "lines": [
        211,
        252
      ]
    }
  ],
  "# preserve_patterns:\n#   - \"note:*\"": [
    {
      "file": ".structuredmerge/kettle-jem.yml",
      "lines": [
        230,
        271
      ]
    }
  ],
  "# preserve_sections:\n#   - synopsis": [
    {
      "file": ".structuredmerge/kettle-jem.yml",
      "lines": [
        220,
        261
      ]
    }
  ],
  "# section_aliases:\n#   howto: basic usage": [
    {
      "file": ".structuredmerge/kettle-jem.yml",
      "lines": [
        237,
        278
      ]
    }
  ],
  "appraisal: \"dep-heads\"\nexec_cmd: \"kettle-test\"": [
    {
      "file": ".github/workflows/dep-heads.yml",
      "lines": [
        43,
        100,
        157
      ]
    }
  ],
  "appraisal: \"head\"\nexec_cmd: \"kettle-test\"": [
    {
      "file": ".github/workflows/heads.yml",
      "lines": [
        43,
        104,
        162
      ]
    }
  ],
  "exec_cmd: \"kettle-test\"\n# Run directly from the generated appraisal Gemfile so setup-ruby": [
    {
      "file": ".github/workflows/dep-heads.yml",
      "lines": [
        44,
        101,
        158
      ]
    }
  ],
  "exec_cmd: \"kettle-test\"\nrubygems: default": [
    {
      "file": ".github/workflows/heads.yml",
      "lines": [
        44,
        105,
        163
      ]
    }
  ]
}
