{
  "gemfiles/modular/templating.gemfile:155879869": [
    [15, 3, 47, "Bundler/DuplicatedGem: Gem `tree_sitter_language_pack` requirements already given on line 11 of the Gemfile.", 3843603197]
  ],
  "spec/yard/yaml/config_wiring_spec.rb:3507239968": [
    [3, 16, 26, "RSpec/DescribeClass: The first argument to describe should be the class or module being tested.", 223936692]
  ],
  "spec/yard/yaml/discovery_ordering_spec.rb:2821858722": [
    [60, 5, 20, "ThreadSafety/DirChdir: Avoid using `FileUtils.cd` due to its process-wide effect.", 1369401450]
  ],
  "spec/yard/yaml/discovery_spec.rb:3980962760": [
    [29, 7, 20, "ThreadSafety/DirChdir: Avoid using `FileUtils.cd` due to its process-wide effect.", 1369401450],
    [45, 7, 20, "ThreadSafety/DirChdir: Avoid using `FileUtils.cd` due to its process-wide effect.", 1369401450],
    [71, 7, 20, "ThreadSafety/DirChdir: Avoid using `FileUtils.cd` due to its process-wide effect.", 1369401450],
    [93, 7, 20, "ThreadSafety/DirChdir: Avoid using `FileUtils.cd` due to its process-wide effect.", 1369401450]
  ],
  "spec/yard/yaml/inline_integration_spec.rb:2244084492": [
    [3, 1, 78, "RSpec/SpecFilePathFormat: Spec path should end with `yard/yaml/tag_renderer*Inline_ERB_integration_for_yardyaml*_spec.rb`.", 2066234022],
    [3, 41, 38, "RSpec/DescribeMethod: The second argument to describe should be the method being tested. '#instance' or '.class'.", 1031125190]
  ],
  "spec/yard/yaml/sidebar_spec.rb:3949887802": [
    [3, 1, 54, "RSpec/SpecFilePathFormat: Spec path should end with `yard/yaml*Sidebar_YAML_Docs_partial*_spec.rb`.", 2060206993],
    [3, 28, 27, "RSpec/DescribeMethod: The second argument to describe should be the method being tested. '#instance' or '.class'.", 863439518]
  ]
}
